// !$*UTF8*$!
{
	archiveVersion = 1;
	classes = {
	};
	objectVersion = 46;
	objects = {

/* Begin PBXBuildFile section */
		4534163E1BC419420074FD50 /* Locksmith.framework in Frameworks */ = {isa = PBXBuildFile; fileRef = 4534162E1BC419190074FD50 /* Locksmith.framework */; };
		453416411BC419920074FD50 /* TestStaticTableViewController.swift in Sources */ = {isa = PBXBuildFile; fileRef = 453416401BC419920074FD50 /* TestStaticTableViewController.swift */; };
		4546A14E1B78D21000DCE648 /* AppDelegate.swift in Sources */ = {isa = PBXBuildFile; fileRef = 4546A14D1B78D21000DCE648 /* AppDelegate.swift */; };
		4546A1501B78D21000DCE648 /* ViewController.swift in Sources */ = {isa = PBXBuildFile; fileRef = 4546A14F1B78D21000DCE648 /* ViewController.swift */; };
		4546A1531B78D21000DCE648 /* Main.storyboard in Resources */ = {isa = PBXBuildFile; fileRef = 4546A1511B78D21000DCE648 /* Main.storyboard */; };
		4546A1551B78D21000DCE648 /* Images.xcassets in Resources */ = {isa = PBXBuildFile; fileRef = 4546A1541B78D21000DCE648 /* Images.xcassets */; };
		4546A1581B78D21000DCE648 /* LaunchScreen.xib in Resources */ = {isa = PBXBuildFile; fileRef = 4546A1561B78D21000DCE648 /* LaunchScreen.xib */; };
		45532EE31BEE2CDF002E8374 /* Alamofire.framework in Frameworks */ = {isa = PBXBuildFile; fileRef = 45532EE21BEE2CDF002E8374 /* Alamofire.framework */; };
		45532EEA1BEE2D9C002E8374 /* TZStackView.framework in Frameworks */ = {isa = PBXBuildFile; fileRef = 45532EE91BEE2D9C002E8374 /* TZStackView.framework */; };
		45532EEE1BEE33D7002E8374 /* ActivityIndicator.storyboard in Resources */ = {isa = PBXBuildFile; fileRef = 45532EF01BEE33D7002E8374 /* ActivityIndicator.storyboard */; };
		45532EF31BEE3440002E8374 /* Operations.storyboard in Resources */ = {isa = PBXBuildFile; fileRef = 45532EF51BEE3440002E8374 /* Operations.storyboard */; };
		45532EF81BEE3462002E8374 /* SearchView.storyboard in Resources */ = {isa = PBXBuildFile; fileRef = 45532EFA1BEE3462002E8374 /* SearchView.storyboard */; };
		45532EFD1BEE34A0002E8374 /* Toast.storyboard in Resources */ = {isa = PBXBuildFile; fileRef = 45532EFF1BEE34A0002E8374 /* Toast.storyboard */; };
		45532F021BEE374F002E8374 /* MultilineSegmentedControl.swift in Sources */ = {isa = PBXBuildFile; fileRef = 45532F011BEE374F002E8374 /* MultilineSegmentedControl.swift */; };
		45532F051BEE376C002E8374 /* MultilineSegmentedControl.storyboard in Resources */ = {isa = PBXBuildFile; fileRef = 45532F071BEE376C002E8374 /* MultilineSegmentedControl.storyboard */; };
		45532F121BEF55BD002E8374 /* AnimalTableViewController.swift in Sources */ = {isa = PBXBuildFile; fileRef = 45532F111BEF55BD002E8374 /* AnimalTableViewController.swift */; };
		45532F141BEF564E002E8374 /* AnimalTableViewCell.swift in Sources */ = {isa = PBXBuildFile; fileRef = 45532F131BEF564E002E8374 /* AnimalTableViewCell.swift */; };
		45532F171BEF5744002E8374 /* AnimalTableViewController.storyboard in Resources */ = {isa = PBXBuildFile; fileRef = 45532F191BEF5744002E8374 /* AnimalTableViewController.storyboard */; };
		459A28F91BF5E57A00004C76 /* AnimalTest_iOSUITests.swift in Sources */ = {isa = PBXBuildFile; fileRef = 459A28F81BF5E57A00004C76 /* AnimalTest_iOSUITests.swift */; };
		45B74D9E1BD66AE20008CD7B /* SnapKit.framework in Frameworks */ = {isa = PBXBuildFile; fileRef = 45B74D9D1BD66AE20008CD7B /* SnapKit.framework */; };
		45D4BD001B78D41A006BE819 /* ActivityIndicatorTableViewController.swift in Sources */ = {isa = PBXBuildFile; fileRef = 45D4BCF41B78D41A006BE819 /* ActivityIndicatorTableViewController.swift */; };
		45D4BD011B78D41A006BE819 /* ActivityIndicatorView.swift in Sources */ = {isa = PBXBuildFile; fileRef = 45D4BCF51B78D41A006BE819 /* ActivityIndicatorView.swift */; };
		45D4BD021B78D41A006BE819 /* NavigationController.swift in Sources */ = {isa = PBXBuildFile; fileRef = 45D4BCF61B78D41A006BE819 /* NavigationController.swift */; };
		45D4BD031B78D41A006BE819 /* OperationViewController.swift in Sources */ = {isa = PBXBuildFile; fileRef = 45D4BCF81B78D41A006BE819 /* OperationViewController.swift */; };
		45D4BD041B78D41A006BE819 /* TestOperation.swift in Sources */ = {isa = PBXBuildFile; fileRef = 45D4BCF91B78D41A006BE819 /* TestOperation.swift */; };
		45D4BD051B78D41A006BE819 /* RevealToggleViewController.swift in Sources */ = {isa = PBXBuildFile; fileRef = 45D4BCFA1B78D41A006BE819 /* RevealToggleViewController.swift */; };
		45D4BD061B78D41A006BE819 /* SearchTableViewController.swift in Sources */ = {isa = PBXBuildFile; fileRef = 45D4BCFC1B78D41A006BE819 /* SearchTableViewController.swift */; };
		45D4BD071B78D41A006BE819 /* ToastTableViewController.swift in Sources */ = {isa = PBXBuildFile; fileRef = 45D4BCFE1B78D41A006BE819 /* ToastTableViewController.swift */; };
		45D4BD081B78D41A006BE819 /* ToastViewController.swift in Sources */ = {isa = PBXBuildFile; fileRef = 45D4BCFF1B78D41A006BE819 /* ToastViewController.swift */; };
		45D4BD181B78D441006BE819 /* GtsiapKit.framework in Frameworks */ = {isa = PBXBuildFile; fileRef = 45D4BD111B78D433006BE819 /* GtsiapKit.framework */; };
		45D4BD1A1B78D445006BE819 /* GtsiapKit.framework in Embed Frameworks */ = {isa = PBXBuildFile; fileRef = 45D4BD111B78D433006BE819 /* GtsiapKit.framework */; settings = {ATTRIBUTES = (CodeSignOnCopy, RemoveHeadersOnCopy, ); }; };
/* End PBXBuildFile section */

/* Begin PBXContainerItemProxy section */
		453416361BC419190074FD50 /* PBXContainerItemProxy */ = {
			isa = PBXContainerItemProxy;
			containerPortal = 45D4BD091B78D433006BE819 /* GtsiapKit.xcodeproj */;
			proxyType = 2;
			remoteGlobalIDString = 45B43C881B91C3E3008AC2DC;
			remoteInfo = JSONAPIMapper;
		};
		453416381BC419190074FD50 /* PBXContainerItemProxy */ = {
			isa = PBXContainerItemProxy;
			containerPortal = 45D4BD091B78D433006BE819 /* GtsiapKit.xcodeproj */;
			proxyType = 2;
			remoteGlobalIDString = 45B43C911B91C3E3008AC2DC;
			remoteInfo = JSONAPIMapperTests;
		};
		4534163A1BC419190074FD50 /* PBXContainerItemProxy */ = {
			isa = PBXContainerItemProxy;
			containerPortal = 45D4BD091B78D433006BE819 /* GtsiapKit.xcodeproj */;
			proxyType = 2;
			remoteGlobalIDString = 456E59F61BB2F98B00A04651;
			remoteInfo = JSONAPI;
		};
		4534163C1BC419190074FD50 /* PBXContainerItemProxy */ = {
			isa = PBXContainerItemProxy;
			containerPortal = 45D4BD091B78D433006BE819 /* GtsiapKit.xcodeproj */;
			proxyType = 2;
			remoteGlobalIDString = 456E59FF1BB2F98B00A04651;
			remoteInfo = JSONAPITests;
		};
		459A28EE1BF5E48300004C76 /* PBXContainerItemProxy */ = {
			isa = PBXContainerItemProxy;
			containerPortal = 4546A1401B78D21000DCE648 /* Project object */;
			proxyType = 1;
			remoteGlobalIDString = 4546A1471B78D21000DCE648;
			remoteInfo = "Example-iOS";
		};
		45D4BD101B78D433006BE819 /* PBXContainerItemProxy */ = {
			isa = PBXContainerItemProxy;
			containerPortal = 45D4BD091B78D433006BE819 /* GtsiapKit.xcodeproj */;
			proxyType = 2;
			remoteGlobalIDString = 45B404561B29E68A00DF2CDB;
			remoteInfo = GtsiapKit;
		};
		45D4BD121B78D433006BE819 /* PBXContainerItemProxy */ = {
			isa = PBXContainerItemProxy;
			containerPortal = 45D4BD091B78D433006BE819 /* GtsiapKit.xcodeproj */;
			proxyType = 2;
			remoteGlobalIDString = 45B404611B29E68A00DF2CDB;
			remoteInfo = GtsiapKitTests;
		};
		45D4BD1B1B78D445006BE819 /* PBXContainerItemProxy */ = {
			isa = PBXContainerItemProxy;
			containerPortal = 45D4BD091B78D433006BE819 /* GtsiapKit.xcodeproj */;
			proxyType = 1;
			remoteGlobalIDString = 45B404551B29E68A00DF2CDB;
			remoteInfo = GtsiapKit;
		};
/* End PBXContainerItemProxy section */

/* Begin PBXCopyFilesBuildPhase section */
		45D4BD1D1B78D445006BE819 /* Embed Frameworks */ = {
			isa = PBXCopyFilesBuildPhase;
			buildActionMask = 2147483647;
			dstPath = "";
			dstSubfolderSpec = 10;
			files = (
				45D4BD1A1B78D445006BE819 /* GtsiapKit.framework in Embed Frameworks */,
			);
			name = "Embed Frameworks";
			runOnlyForDeploymentPostprocessing = 0;
		};
/* End PBXCopyFilesBuildPhase section */

/* Begin PBXFileReference section */
		4534162E1BC419190074FD50 /* Locksmith.framework */ = {isa = PBXFileReference; lastKnownFileType = wrapper.framework; name = Locksmith.framework; path = Carthage/Build/iOS/Locksmith.framework; sourceTree = "<group>"; };
		453416401BC419920074FD50 /* TestStaticTableViewController.swift */ = {isa = PBXFileReference; fileEncoding = 4; lastKnownFileType = sourcecode.swift; path = TestStaticTableViewController.swift; sourceTree = "<group>"; };
		4546A1481B78D21000DCE648 /* Example-iOS.app */ = {isa = PBXFileReference; explicitFileType = wrapper.application; includeInIndex = 0; path = "Example-iOS.app"; sourceTree = BUILT_PRODUCTS_DIR; };
		4546A14C1B78D21000DCE648 /* Info.plist */ = {isa = PBXFileReference; lastKnownFileType = text.plist.xml; path = Info.plist; sourceTree = "<group>"; };
		4546A14D1B78D21000DCE648 /* AppDelegate.swift */ = {isa = PBXFileReference; lastKnownFileType = sourcecode.swift; path = AppDelegate.swift; sourceTree = "<group>"; };
		4546A14F1B78D21000DCE648 /* ViewController.swift */ = {isa = PBXFileReference; lastKnownFileType = sourcecode.swift; path = ViewController.swift; sourceTree = "<group>"; };
		4546A1521B78D21000DCE648 /* Base */ = {isa = PBXFileReference; lastKnownFileType = file.storyboard; name = Base; path = Base.lproj/Main.storyboard; sourceTree = "<group>"; };
		4546A1541B78D21000DCE648 /* Images.xcassets */ = {isa = PBXFileReference; lastKnownFileType = folder.assetcatalog; path = Images.xcassets; sourceTree = "<group>"; };
		4546A1571B78D21000DCE648 /* Base */ = {isa = PBXFileReference; lastKnownFileType = file.xib; name = Base; path = Base.lproj/LaunchScreen.xib; sourceTree = "<group>"; };
		45532EE21BEE2CDF002E8374 /* Alamofire.framework */ = {isa = PBXFileReference; lastKnownFileType = wrapper.framework; name = Alamofire.framework; path = Carthage/Build/iOS/Alamofire.framework; sourceTree = "<group>"; };
		45532EE91BEE2D9C002E8374 /* TZStackView.framework */ = {isa = PBXFileReference; lastKnownFileType = wrapper.framework; name = TZStackView.framework; path = Carthage/Build/iOS/TZStackView.framework; sourceTree = "<group>"; };
		45532EEF1BEE33D7002E8374 /* Base */ = {isa = PBXFileReference; lastKnownFileType = file.storyboard; name = Base; path = Base.lproj/ActivityIndicator.storyboard; sourceTree = "<group>"; };
		45532EF41BEE3440002E8374 /* Base */ = {isa = PBXFileReference; lastKnownFileType = file.storyboard; name = Base; path = Base.lproj/Operations.storyboard; sourceTree = "<group>"; };
		45532EF91BEE3462002E8374 /* Base */ = {isa = PBXFileReference; lastKnownFileType = file.storyboard; name = Base; path = Base.lproj/SearchView.storyboard; sourceTree = "<group>"; };
		45532EFE1BEE34A0002E8374 /* Base */ = {isa = PBXFileReference; lastKnownFileType = file.storyboard; name = Base; path = Base.lproj/Toast.storyboard; sourceTree = "<group>"; };
		45532F011BEE374F002E8374 /* MultilineSegmentedControl.swift */ = {isa = PBXFileReference; fileEncoding = 4; lastKnownFileType = sourcecode.swift; path = MultilineSegmentedControl.swift; sourceTree = "<group>"; };
		45532F061BEE376C002E8374 /* Base */ = {isa = PBXFileReference; lastKnownFileType = file.storyboard; name = Base; path = Base.lproj/MultilineSegmentedControl.storyboard; sourceTree = "<group>"; };
		45532F111BEF55BD002E8374 /* AnimalTableViewController.swift */ = {isa = PBXFileReference; fileEncoding = 4; lastKnownFileType = sourcecode.swift; path = AnimalTableViewController.swift; sourceTree = "<group>"; };
		45532F131BEF564E002E8374 /* AnimalTableViewCell.swift */ = {isa = PBXFileReference; fileEncoding = 4; lastKnownFileType = sourcecode.swift; path = AnimalTableViewCell.swift; sourceTree = "<group>"; };
		45532F181BEF5744002E8374 /* Base */ = {isa = PBXFileReference; lastKnownFileType = file.storyboard; name = Base; path = Base.lproj/AnimalTableViewController.storyboard; sourceTree = "<group>"; };
		459A28E91BF5E48300004C76 /* Example-iOSUITests.xctest */ = {isa = PBXFileReference; explicitFileType = wrapper.cfbundle; includeInIndex = 0; path = "Example-iOSUITests.xctest"; sourceTree = BUILT_PRODUCTS_DIR; };
		459A28ED1BF5E48300004C76 /* Info.plist */ = {isa = PBXFileReference; lastKnownFileType = text.plist.xml; path = Info.plist; sourceTree = "<group>"; };
		459A28F81BF5E57A00004C76 /* AnimalTest_iOSUITests.swift */ = {isa = PBXFileReference; fileEncoding = 4; lastKnownFileType = sourcecode.swift; path = AnimalTest_iOSUITests.swift; sourceTree = "<group>"; };
		45B74D9D1BD66AE20008CD7B /* SnapKit.framework */ = {isa = PBXFileReference; lastKnownFileType = wrapper.framework; name = SnapKit.framework; path = ../Carthage/Build/iOS/SnapKit.framework; sourceTree = "<group>"; };
		45D4BCF41B78D41A006BE819 /* ActivityIndicatorTableViewController.swift */ = {isa = PBXFileReference; fileEncoding = 4; lastKnownFileType = sourcecode.swift; path = ActivityIndicatorTableViewController.swift; sourceTree = "<group>"; };
		45D4BCF51B78D41A006BE819 /* ActivityIndicatorView.swift */ = {isa = PBXFileReference; fileEncoding = 4; lastKnownFileType = sourcecode.swift; path = ActivityIndicatorView.swift; sourceTree = "<group>"; };
		45D4BCF61B78D41A006BE819 /* NavigationController.swift */ = {isa = PBXFileReference; fileEncoding = 4; lastKnownFileType = sourcecode.swift; path = NavigationController.swift; sourceTree = "<group>"; };
		45D4BCF81B78D41A006BE819 /* OperationViewController.swift */ = {isa = PBXFileReference; fileEncoding = 4; lastKnownFileType = sourcecode.swift; path = OperationViewController.swift; sourceTree = "<group>"; };
		45D4BCF91B78D41A006BE819 /* TestOperation.swift */ = {isa = PBXFileReference; fileEncoding = 4; lastKnownFileType = sourcecode.swift; path = TestOperation.swift; sourceTree = "<group>"; };
		45D4BCFA1B78D41A006BE819 /* RevealToggleViewController.swift */ = {isa = PBXFileReference; fileEncoding = 4; lastKnownFileType = sourcecode.swift; path = RevealToggleViewController.swift; sourceTree = "<group>"; };
		45D4BCFC1B78D41A006BE819 /* SearchTableViewController.swift */ = {isa = PBXFileReference; fileEncoding = 4; lastKnownFileType = sourcecode.swift; path = SearchTableViewController.swift; sourceTree = "<group>"; };
		45D4BCFE1B78D41A006BE819 /* ToastTableViewController.swift */ = {isa = PBXFileReference; fileEncoding = 4; lastKnownFileType = sourcecode.swift; path = ToastTableViewController.swift; sourceTree = "<group>"; };
		45D4BCFF1B78D41A006BE819 /* ToastViewController.swift */ = {isa = PBXFileReference; fileEncoding = 4; lastKnownFileType = sourcecode.swift; path = ToastViewController.swift; sourceTree = "<group>"; };
		45D4BD091B78D433006BE819 /* GtsiapKit.xcodeproj */ = {isa = PBXFileReference; lastKnownFileType = "wrapper.pb-project"; path = GtsiapKit.xcodeproj; sourceTree = "<group>"; };
		45D4BD221B78D932006BE819 /* el */ = {isa = PBXFileReference; lastKnownFileType = text.plist.strings; name = el; path = el.lproj/Main.strings; sourceTree = "<group>"; };
		45D4BD231B78D932006BE819 /* el */ = {isa = PBXFileReference; lastKnownFileType = text.plist.strings; name = el; path = el.lproj/LaunchScreen.strings; sourceTree = "<group>"; };
/* End PBXFileReference section */

/* Begin PBXFrameworksBuildPhase section */
		4546A1451B78D21000DCE648 /* Frameworks */ = {
			isa = PBXFrameworksBuildPhase;
			buildActionMask = 2147483647;
			files = (
				45D4BD181B78D441006BE819 /* GtsiapKit.framework in Frameworks */,
				4534163E1BC419420074FD50 /* Locksmith.framework in Frameworks */,
				45532EE31BEE2CDF002E8374 /* Alamofire.framework in Frameworks */,
				45B74D9E1BD66AE20008CD7B /* SnapKit.framework in Frameworks */,
				45532EEA1BEE2D9C002E8374 /* TZStackView.framework in Frameworks */,
			);
			runOnlyForDeploymentPostprocessing = 0;
		};
		459A28E61BF5E48300004C76 /* Frameworks */ = {
			isa = PBXFrameworksBuildPhase;
			buildActionMask = 2147483647;
			files = (
			);
			runOnlyForDeploymentPostprocessing = 0;
		};
/* End PBXFrameworksBuildPhase section */

/* Begin PBXGroup section */
		4534163F1BC419700074FD50 /* StaticTableViewController */ = {
			isa = PBXGroup;
			children = (
				453416401BC419920074FD50 /* TestStaticTableViewController.swift */,
			);
			path = StaticTableViewController;
			sourceTree = "<group>";
		};
		4546A13F1B78D21000DCE648 = {
			isa = PBXGroup;
			children = (
				45532EE91BEE2D9C002E8374 /* TZStackView.framework */,
				45532EE21BEE2CDF002E8374 /* Alamofire.framework */,
				45B74D9D1BD66AE20008CD7B /* SnapKit.framework */,
				4534162E1BC419190074FD50 /* Locksmith.framework */,
				45D4BD091B78D433006BE819 /* GtsiapKit.xcodeproj */,
				4546A14A1B78D21000DCE648 /* Example-iOS */,
				459A28EA1BF5E48300004C76 /* Example-iOSUITests */,
				4546A1491B78D21000DCE648 /* Products */,
			);
			sourceTree = "<group>";
		};
		4546A1491B78D21000DCE648 /* Products */ = {
			isa = PBXGroup;
			children = (
				4546A1481B78D21000DCE648 /* Example-iOS.app */,
				459A28E91BF5E48300004C76 /* Example-iOSUITests.xctest */,
			);
			name = Products;
			sourceTree = "<group>";
		};
		4546A14A1B78D21000DCE648 /* Example-iOS */ = {
			isa = PBXGroup;
			children = (
				45532F101BEF55BD002E8374 /* AnimalTableViewController */,
				45532F001BEE371B002E8374 /* MultilineSegmentedControl */,
				45532EEB1BEE33B0002E8374 /* Storyboards */,
				4534163F1BC419700074FD50 /* StaticTableViewController */,
				45D4BCF31B78D41A006BE819 /* Activity Indicator */,
				45D4BCF61B78D41A006BE819 /* NavigationController.swift */,
				45D4BCF71B78D41A006BE819 /* Operations */,
				45D4BCFA1B78D41A006BE819 /* RevealToggleViewController.swift */,
				45D4BCFB1B78D41A006BE819 /* SearchView */,
				45D4BCFD1B78D41A006BE819 /* Toast */,
				4546A14D1B78D21000DCE648 /* AppDelegate.swift */,
				4546A14F1B78D21000DCE648 /* ViewController.swift */,
				4546A1541B78D21000DCE648 /* Images.xcassets */,
				4546A1561B78D21000DCE648 /* LaunchScreen.xib */,
				4546A14B1B78D21000DCE648 /* Supporting Files */,
			);
			path = "Example-iOS";
			sourceTree = "<group>";
		};
		4546A14B1B78D21000DCE648 /* Supporting Files */ = {
			isa = PBXGroup;
			children = (
				4546A14C1B78D21000DCE648 /* Info.plist */,
			);
			name = "Supporting Files";
			sourceTree = "<group>";
		};
		45532EEB1BEE33B0002E8374 /* Storyboards */ = {
			isa = PBXGroup;
			children = (
				45532EF01BEE33D7002E8374 /* ActivityIndicator.storyboard */,
				45532EF51BEE3440002E8374 /* Operations.storyboard */,
				45532EFA1BEE3462002E8374 /* SearchView.storyboard */,
				45532EFF1BEE34A0002E8374 /* Toast.storyboard */,
				4546A1511B78D21000DCE648 /* Main.storyboard */,
				45532F071BEE376C002E8374 /* MultilineSegmentedControl.storyboard */,
				45532F191BEF5744002E8374 /* AnimalTableViewController.storyboard */,
			);
			name = Storyboards;
			sourceTree = "<group>";
		};
		45532F001BEE371B002E8374 /* MultilineSegmentedControl */ = {
			isa = PBXGroup;
			children = (
				45532F011BEE374F002E8374 /* MultilineSegmentedControl.swift */,
			);
			path = MultilineSegmentedControl;
			sourceTree = "<group>";
		};
		45532F101BEF55BD002E8374 /* AnimalTableViewController */ = {
			isa = PBXGroup;
			children = (
				45532F111BEF55BD002E8374 /* AnimalTableViewController.swift */,
				45532F131BEF564E002E8374 /* AnimalTableViewCell.swift */,
			);
			path = AnimalTableViewController;
			sourceTree = "<group>";
		};
		459A28EA1BF5E48300004C76 /* Example-iOSUITests */ = {
			isa = PBXGroup;
			children = (
				459A28ED1BF5E48300004C76 /* Info.plist */,
				459A28F81BF5E57A00004C76 /* AnimalTest_iOSUITests.swift */,
			);
			path = "Example-iOSUITests";
			sourceTree = "<group>";
		};
		45D4BCF31B78D41A006BE819 /* Activity Indicator */ = {
			isa = PBXGroup;
			children = (
				45D4BCF41B78D41A006BE819 /* ActivityIndicatorTableViewController.swift */,
				45D4BCF51B78D41A006BE819 /* ActivityIndicatorView.swift */,
			);
			path = "Activity Indicator";
			sourceTree = "<group>";
		};
		45D4BCF71B78D41A006BE819 /* Operations */ = {
			isa = PBXGroup;
			children = (
				45D4BCF81B78D41A006BE819 /* OperationViewController.swift */,
				45D4BCF91B78D41A006BE819 /* TestOperation.swift */,
			);
			path = Operations;
			sourceTree = "<group>";
		};
		45D4BCFB1B78D41A006BE819 /* SearchView */ = {
			isa = PBXGroup;
			children = (
				45D4BCFC1B78D41A006BE819 /* SearchTableViewController.swift */,
			);
			path = SearchView;
			sourceTree = "<group>";
		};
		45D4BCFD1B78D41A006BE819 /* Toast */ = {
			isa = PBXGroup;
			children = (
				45D4BCFE1B78D41A006BE819 /* ToastTableViewController.swift */,
				45D4BCFF1B78D41A006BE819 /* ToastViewController.swift */,
			);
			path = Toast;
			sourceTree = "<group>";
		};
		45D4BD0A1B78D433006BE819 /* Products */ = {
			isa = PBXGroup;
			children = (
				45D4BD111B78D433006BE819 /* GtsiapKit.framework */,
				45D4BD131B78D433006BE819 /* GtsiapKitTests.xctest */,
				453416371BC419190074FD50 /* JSONAPIMapper.framework */,
				453416391BC419190074FD50 /* JSONAPIMapperTests.xctest */,
				4534163B1BC419190074FD50 /* JSONAPI.framework */,
				4534163D1BC419190074FD50 /* JSONAPITests.xctest */,
			);
			name = Products;
			sourceTree = "<group>";
		};
/* End PBXGroup section */

/* Begin PBXNativeTarget section */
		4546A1471B78D21000DCE648 /* Example-iOS */ = {
			isa = PBXNativeTarget;
			buildConfigurationList = 4546A1671B78D21000DCE648 /* Build configuration list for PBXNativeTarget "Example-iOS" */;
			buildPhases = (
				4546A1441B78D21000DCE648 /* Sources */,
				4546A1451B78D21000DCE648 /* Frameworks */,
				4546A1461B78D21000DCE648 /* Resources */,
				45D4BD1D1B78D445006BE819 /* Embed Frameworks */,
				45D4BD211B78D5E3006BE819 /* ShellScript */,
			);
			buildRules = (
			);
			dependencies = (
				45D4BD1C1B78D445006BE819 /* PBXTargetDependency */,
			);
			name = "Example-iOS";
			productName = "Example-iOS";
			productReference = 4546A1481B78D21000DCE648 /* Example-iOS.app */;
			productType = "com.apple.product-type.application";
		};
		459A28E81BF5E48300004C76 /* Example-iOSUITests */ = {
			isa = PBXNativeTarget;
			buildConfigurationList = 459A28F71BF5E48300004C76 /* Build configuration list for PBXNativeTarget "Example-iOSUITests" */;
			buildPhases = (
				459A28E51BF5E48300004C76 /* Sources */,
				459A28E61BF5E48300004C76 /* Frameworks */,
				459A28E71BF5E48300004C76 /* Resources */,
			);
			buildRules = (
			);
			dependencies = (
				459A28EF1BF5E48300004C76 /* PBXTargetDependency */,
			);
			name = "Example-iOSUITests";
			productName = "Example-iOSUITests";
			productReference = 459A28E91BF5E48300004C76 /* Example-iOSUITests.xctest */;
			productType = "com.apple.product-type.bundle.ui-testing";
		};
/* End PBXNativeTarget section */

/* Begin PBXProject section */
		4546A1401B78D21000DCE648 /* Project object */ = {
			isa = PBXProject;
			attributes = {
				LastSwiftMigration = 0700;
				LastSwiftUpdateCheck = 0710;
				LastUpgradeCheck = 0700;
				ORGANIZATIONNAME = "Giorgos Tsiapaliokas";
				TargetAttributes = {
					4546A1471B78D21000DCE648 = {
						CreatedOnToolsVersion = 6.4;
					};
					459A28E81BF5E48300004C76 = {
						CreatedOnToolsVersion = 7.1;
						TestTargetID = 4546A1471B78D21000DCE648;
					};
				};
			};
			buildConfigurationList = 4546A1431B78D21000DCE648 /* Build configuration list for PBXProject "Example-iOS" */;
			compatibilityVersion = "Xcode 3.2";
			developmentRegion = English;
			hasScannedForEncodings = 0;
			knownRegions = (
				en,
				Base,
			);
			mainGroup = 4546A13F1B78D21000DCE648;
			productRefGroup = 4546A1491B78D21000DCE648 /* Products */;
			projectDirPath = "";
			projectReferences = (
				{
					ProductGroup = 45D4BD0A1B78D433006BE819 /* Products */;
					ProjectRef = 45D4BD091B78D433006BE819 /* GtsiapKit.xcodeproj */;
				},
			);
			projectRoot = "";
			targets = (
				4546A1471B78D21000DCE648 /* Example-iOS */,
				459A28E81BF5E48300004C76 /* Example-iOSUITests */,
			);
		};
/* End PBXProject section */

/* Begin PBXReferenceProxy section */
		453416371BC419190074FD50 /* JSONAPIMapper.framework */ = {
			isa = PBXReferenceProxy;
			fileType = wrapper.framework;
			path = JSONAPIMapper.framework;
			remoteRef = 453416361BC419190074FD50 /* PBXContainerItemProxy */;
			sourceTree = BUILT_PRODUCTS_DIR;
		};
		453416391BC419190074FD50 /* JSONAPIMapperTests.xctest */ = {
			isa = PBXReferenceProxy;
			fileType = wrapper.cfbundle;
			path = JSONAPIMapperTests.xctest;
			remoteRef = 453416381BC419190074FD50 /* PBXContainerItemProxy */;
			sourceTree = BUILT_PRODUCTS_DIR;
		};
		4534163B1BC419190074FD50 /* JSONAPI.framework */ = {
			isa = PBXReferenceProxy;
			fileType = wrapper.framework;
			path = JSONAPI.framework;
			remoteRef = 4534163A1BC419190074FD50 /* PBXContainerItemProxy */;
			sourceTree = BUILT_PRODUCTS_DIR;
		};
		4534163D1BC419190074FD50 /* JSONAPITests.xctest */ = {
			isa = PBXReferenceProxy;
			fileType = wrapper.cfbundle;
			path = JSONAPITests.xctest;
			remoteRef = 4534163C1BC419190074FD50 /* PBXContainerItemProxy */;
			sourceTree = BUILT_PRODUCTS_DIR;
		};
		45D4BD111B78D433006BE819 /* GtsiapKit.framework */ = {
			isa = PBXReferenceProxy;
			fileType = wrapper.framework;
			path = GtsiapKit.framework;
			remoteRef = 45D4BD101B78D433006BE819 /* PBXContainerItemProxy */;
			sourceTree = BUILT_PRODUCTS_DIR;
		};
		45D4BD131B78D433006BE819 /* GtsiapKitTests.xctest */ = {
			isa = PBXReferenceProxy;
			fileType = wrapper.cfbundle;
			path = GtsiapKitTests.xctest;
			remoteRef = 45D4BD121B78D433006BE819 /* PBXContainerItemProxy */;
			sourceTree = BUILT_PRODUCTS_DIR;
		};
/* End PBXReferenceProxy section */

/* Begin PBXResourcesBuildPhase section */
		4546A1461B78D21000DCE648 /* Resources */ = {
			isa = PBXResourcesBuildPhase;
			buildActionMask = 2147483647;
			files = (
				4546A1531B78D21000DCE648 /* Main.storyboard in Resources */,
				45532EF81BEE3462002E8374 /* SearchView.storyboard in Resources */,
				45532EEE1BEE33D7002E8374 /* ActivityIndicator.storyboard in Resources */,
				45532F171BEF5744002E8374 /* AnimalTableViewController.storyboard in Resources */,
				45532F051BEE376C002E8374 /* MultilineSegmentedControl.storyboard in Resources */,
				45532EFD1BEE34A0002E8374 /* Toast.storyboard in Resources */,
				4546A1581B78D21000DCE648 /* LaunchScreen.xib in Resources */,
				45532EF31BEE3440002E8374 /* Operations.storyboard in Resources */,
				4546A1551B78D21000DCE648 /* Images.xcassets in Resources */,
			);
			runOnlyForDeploymentPostprocessing = 0;
		};
		459A28E71BF5E48300004C76 /* Resources */ = {
			isa = PBXResourcesBuildPhase;
			buildActionMask = 2147483647;
			files = (
			);
			runOnlyForDeploymentPostprocessing = 0;
		};
/* End PBXResourcesBuildPhase section */

/* Begin PBXShellScriptBuildPhase section */
		45D4BD211B78D5E3006BE819 /* ShellScript */ = {
			isa = PBXShellScriptBuildPhase;
			buildActionMask = 2147483647;
			files = (
			);
			inputPaths = (
				"$(SRCROOT)/Carthage/Build/iOS/SnapKit.framework",
				"$(SRCROOT)/Carthage/Build/iOS/Locksmith.framework",
				"$(SRCROOT)/Carthage/Build/iOS/Alamofire.framework",
				"$(SRCROOT)/Carthage/Build/iOS/TZStackView.framework",
			);
			outputPaths = (
			);
			runOnlyForDeploymentPostprocessing = 0;
			shellPath = /bin/sh;
			shellScript = "/usr/local/bin/carthage copy-frameworks\n";
		};
/* End PBXShellScriptBuildPhase section */

/* Begin PBXSourcesBuildPhase section */
		4546A1441B78D21000DCE648 /* Sources */ = {
			isa = PBXSourcesBuildPhase;
			buildActionMask = 2147483647;
			files = (
				45D4BD001B78D41A006BE819 /* ActivityIndicatorTableViewController.swift in Sources */,
				45532F121BEF55BD002E8374 /* AnimalTableViewController.swift in Sources */,
				45D4BD061B78D41A006BE819 /* SearchTableViewController.swift in Sources */,
				45532F141BEF564E002E8374 /* AnimalTableViewCell.swift in Sources */,
				45D4BD041B78D41A006BE819 /* TestOperation.swift in Sources */,
				4546A1501B78D21000DCE648 /* ViewController.swift in Sources */,
				45D4BD031B78D41A006BE819 /* OperationViewController.swift in Sources */,
				45D4BD021B78D41A006BE819 /* NavigationController.swift in Sources */,
				4546A14E1B78D21000DCE648 /* AppDelegate.swift in Sources */,
				45D4BD081B78D41A006BE819 /* ToastViewController.swift in Sources */,
				45D4BD051B78D41A006BE819 /* RevealToggleViewController.swift in Sources */,
				453416411BC419920074FD50 /* TestStaticTableViewController.swift in Sources */,
				45532F021BEE374F002E8374 /* MultilineSegmentedControl.swift in Sources */,
				45D4BD011B78D41A006BE819 /* ActivityIndicatorView.swift in Sources */,
				45D4BD071B78D41A006BE819 /* ToastTableViewController.swift in Sources */,
			);
			runOnlyForDeploymentPostprocessing = 0;
		};
		459A28E51BF5E48300004C76 /* Sources */ = {
			isa = PBXSourcesBuildPhase;
			buildActionMask = 2147483647;
			files = (
				459A28F91BF5E57A00004C76 /* AnimalTest_iOSUITests.swift in Sources */,
			);
			runOnlyForDeploymentPostprocessing = 0;
		};
/* End PBXSourcesBuildPhase section */

/* Begin PBXTargetDependency section */
		459A28EF1BF5E48300004C76 /* PBXTargetDependency */ = {
			isa = PBXTargetDependency;
			target = 4546A1471B78D21000DCE648 /* Example-iOS */;
			targetProxy = 459A28EE1BF5E48300004C76 /* PBXContainerItemProxy */;
		};
		45D4BD1C1B78D445006BE819 /* PBXTargetDependency */ = {
			isa = PBXTargetDependency;
			name = GtsiapKit;
			targetProxy = 45D4BD1B1B78D445006BE819 /* PBXContainerItemProxy */;
		};
/* End PBXTargetDependency section */

/* Begin PBXVariantGroup section */
		4546A1511B78D21000DCE648 /* Main.storyboard */ = {
			isa = PBXVariantGroup;
			children = (
				4546A1521B78D21000DCE648 /* Base */,
				45D4BD221B78D932006BE819 /* el */,
			);
			name = Main.storyboard;
			sourceTree = "<group>";
		};
		4546A1561B78D21000DCE648 /* LaunchScreen.xib */ = {
			isa = PBXVariantGroup;
			children = (
				4546A1571B78D21000DCE648 /* Base */,
				45D4BD231B78D932006BE819 /* el */,
			);
			name = LaunchScreen.xib;
			sourceTree = "<group>";
		};
		45532EF01BEE33D7002E8374 /* ActivityIndicator.storyboard */ = {
			isa = PBXVariantGroup;
			children = (
				45532EEF1BEE33D7002E8374 /* Base */,
			);
			name = ActivityIndicator.storyboard;
			sourceTree = "<group>";
		};
		45532EF51BEE3440002E8374 /* Operations.storyboard */ = {
			isa = PBXVariantGroup;
			children = (
				45532EF41BEE3440002E8374 /* Base */,
			);
			name = Operations.storyboard;
			sourceTree = "<group>";
		};
		45532EFA1BEE3462002E8374 /* SearchView.storyboard */ = {
			isa = PBXVariantGroup;
			children = (
				45532EF91BEE3462002E8374 /* Base */,
			);
			name = SearchView.storyboard;
			sourceTree = "<group>";
		};
		45532EFF1BEE34A0002E8374 /* Toast.storyboard */ = {
			isa = PBXVariantGroup;
			children = (
				45532EFE1BEE34A0002E8374 /* Base */,
			);
			name = Toast.storyboard;
			sourceTree = "<group>";
		};
		45532F071BEE376C002E8374 /* MultilineSegmentedControl.storyboard */ = {
			isa = PBXVariantGroup;
			children = (
				45532F061BEE376C002E8374 /* Base */,
			);
			name = MultilineSegmentedControl.storyboard;
			sourceTree = "<group>";
		};
		45532F191BEF5744002E8374 /* AnimalTableViewController.storyboard */ = {
			isa = PBXVariantGroup;
			children = (
				45532F181BEF5744002E8374 /* Base */,
			);
			name = AnimalTableViewController.storyboard;
			sourceTree = "<group>";
		};
/* End PBXVariantGroup section */

/* Begin XCBuildConfiguration section */
		4546A1651B78D21000DCE648 /* Debug */ = {
			isa = XCBuildConfiguration;
			buildSettings = {
				ALWAYS_SEARCH_USER_PATHS = NO;
				CLANG_CXX_LANGUAGE_STANDARD = "gnu++0x";
				CLANG_CXX_LIBRARY = "libc++";
				CLANG_ENABLE_MODULES = YES;
				CLANG_ENABLE_OBJC_ARC = YES;
				CLANG_WARN_BOOL_CONVERSION = YES;
				CLANG_WARN_CONSTANT_CONVERSION = YES;
				CLANG_WARN_DIRECT_OBJC_ISA_USAGE = YES_ERROR;
				CLANG_WARN_EMPTY_BODY = YES;
				CLANG_WARN_ENUM_CONVERSION = YES;
				CLANG_WARN_INT_CONVERSION = YES;
				CLANG_WARN_OBJC_ROOT_CLASS = YES_ERROR;
				CLANG_WARN_UNREACHABLE_CODE = YES;
				CLANG_WARN__DUPLICATE_METHOD_MATCH = YES;
				"CODE_SIGN_IDENTITY[sdk=iphoneos*]" = "iPhone Developer";
				COPY_PHASE_STRIP = NO;
				DEBUG_INFORMATION_FORMAT = "dwarf-with-dsym";
				ENABLE_STRICT_OBJC_MSGSEND = YES;
				ENABLE_TESTABILITY = YES;
				GCC_C_LANGUAGE_STANDARD = gnu99;
				GCC_DYNAMIC_NO_PIC = NO;
				GCC_NO_COMMON_BLOCKS = YES;
				GCC_OPTIMIZATION_LEVEL = 0;
				GCC_PREPROCESSOR_DEFINITIONS = (
					"DEBUG=1",
					"$(inherited)",
				);
				GCC_SYMBOLS_PRIVATE_EXTERN = NO;
				GCC_WARN_64_TO_32_BIT_CONVERSION = YES;
				GCC_WARN_ABOUT_RETURN_TYPE = YES_ERROR;
				GCC_WARN_UNDECLARED_SELECTOR = YES;
				GCC_WARN_UNINITIALIZED_AUTOS = YES_AGGRESSIVE;
				GCC_WARN_UNUSED_FUNCTION = YES;
				GCC_WARN_UNUSED_VARIABLE = YES;
				IPHONEOS_DEPLOYMENT_TARGET = 8.4;
				MTL_ENABLE_DEBUG_INFO = YES;
				ONLY_ACTIVE_ARCH = YES;
				SDKROOT = iphoneos;
				SWIFT_OPTIMIZATION_LEVEL = "-Onone";
			};
			name = Debug;
		};
		4546A1661B78D21000DCE648 /* Release */ = {
			isa = XCBuildConfiguration;
			buildSettings = {
				ALWAYS_SEARCH_USER_PATHS = NO;
				CLANG_CXX_LANGUAGE_STANDARD = "gnu++0x";
				CLANG_CXX_LIBRARY = "libc++";
				CLANG_ENABLE_MODULES = YES;
				CLANG_ENABLE_OBJC_ARC = YES;
				CLANG_WARN_BOOL_CONVERSION = YES;
				CLANG_WARN_CONSTANT_CONVERSION = YES;
				CLANG_WARN_DIRECT_OBJC_ISA_USAGE = YES_ERROR;
				CLANG_WARN_EMPTY_BODY = YES;
				CLANG_WARN_ENUM_CONVERSION = YES;
				CLANG_WARN_INT_CONVERSION = YES;
				CLANG_WARN_OBJC_ROOT_CLASS = YES_ERROR;
				CLANG_WARN_UNREACHABLE_CODE = YES;
				CLANG_WARN__DUPLICATE_METHOD_MATCH = YES;
				"CODE_SIGN_IDENTITY[sdk=iphoneos*]" = "iPhone Developer";
				COPY_PHASE_STRIP = NO;
				DEBUG_INFORMATION_FORMAT = "dwarf-with-dsym";
				ENABLE_NS_ASSERTIONS = NO;
				ENABLE_STRICT_OBJC_MSGSEND = YES;
				GCC_C_LANGUAGE_STANDARD = gnu99;
				GCC_NO_COMMON_BLOCKS = YES;
				GCC_WARN_64_TO_32_BIT_CONVERSION = YES;
				GCC_WARN_ABOUT_RETURN_TYPE = YES_ERROR;
				GCC_WARN_UNDECLARED_SELECTOR = YES;
				GCC_WARN_UNINITIALIZED_AUTOS = YES_AGGRESSIVE;
				GCC_WARN_UNUSED_FUNCTION = YES;
				GCC_WARN_UNUSED_VARIABLE = YES;
				IPHONEOS_DEPLOYMENT_TARGET = 8.4;
				MTL_ENABLE_DEBUG_INFO = NO;
				SDKROOT = iphoneos;
				VALIDATE_PRODUCT = YES;
			};
			name = Release;
		};
		4546A1681B78D21000DCE648 /* Debug */ = {
			isa = XCBuildConfiguration;
			buildSettings = {
				ASSETCATALOG_COMPILER_APPICON_NAME = AppIcon;
				FRAMEWORK_SEARCH_PATHS = (
					"$(inherited)",
					../Carthage/Build/iOS,
					"$(PROJECT_DIR)/Carthage/Build/iOS",
				);
				INFOPLIST_FILE = "Example-iOS/Info.plist";
				LD_RUNPATH_SEARCH_PATHS = "$(inherited) @executable_path/Frameworks";
				PRODUCT_BUNDLE_IDENTIFIER = "eu.mathlogic.$(PRODUCT_NAME:rfc1034identifier)";
				PRODUCT_NAME = "$(TARGET_NAME)";
			};
			name = Debug;
		};
		4546A1691B78D21000DCE648 /* Release */ = {
			isa = XCBuildConfiguration;
			buildSettings = {
				ASSETCATALOG_COMPILER_APPICON_NAME = AppIcon;
				FRAMEWORK_SEARCH_PATHS = (
					"$(inherited)",
					../Carthage/Build/iOS,
					"$(PROJECT_DIR)/Carthage/Build/iOS",
				);
				INFOPLIST_FILE = "Example-iOS/Info.plist";
				LD_RUNPATH_SEARCH_PATHS = "$(inherited) @executable_path/Frameworks";
				PRODUCT_BUNDLE_IDENTIFIER = "eu.mathlogic.$(PRODUCT_NAME:rfc1034identifier)";
				PRODUCT_NAME = "$(TARGET_NAME)";
			};
			name = Release;
		};
		459A28F01BF5E48300004C76 /* Debug */ = {
			isa = XCBuildConfiguration;
			buildSettings = {
				DEBUG_INFORMATION_FORMAT = dwarf;
				INFOPLIST_FILE = "Example-iOSUITests/Info.plist";
				IPHONEOS_DEPLOYMENT_TARGET = 9.1;
				LD_RUNPATH_SEARCH_PATHS = "$(inherited) @executable_path/Frameworks @loader_path/Frameworks";
				PRODUCT_BUNDLE_IDENTIFIER = "eu.mathlogic.Example-iOSUITests";
				PRODUCT_NAME = "$(TARGET_NAME)";
				TEST_TARGET_NAME = "Example-iOS";
				USES_XCTRUNNER = YES;
			};
			name = Debug;
		};
		459A28F11BF5E48300004C76 /* Release */ = {
			isa = XCBuildConfiguration;
			buildSettings = {
				INFOPLIST_FILE = "Example-iOSUITests/Info.plist";
				IPHONEOS_DEPLOYMENT_TARGET = 9.1;
				LD_RUNPATH_SEARCH_PATHS = "$(inherited) @executable_path/Frameworks @loader_path/Frameworks";
				PRODUCT_BUNDLE_IDENTIFIER = "eu.mathlogic.Example-iOSUITests";
				PRODUCT_NAME = "$(TARGET_NAME)";
				TEST_TARGET_NAME = "Example-iOS";
				USES_XCTRUNNER = YES;
			};
			name = Release;
		};
/* End XCBuildConfiguration section */

/* Begin XCConfigurationList section */
		4546A1431B78D21000DCE648 /* Build configuration list for PBXProject "Example-iOS" */ = {
			isa = XCConfigurationList;
			buildConfigurations = (
				4546A1651B78D21000DCE648 /* Debug */,
				4546A1661B78D21000DCE648 /* Release */,
			);
			defaultConfigurationIsVisible = 0;
			defaultConfigurationName = Release;
		};
		4546A1671B78D21000DCE648 /* Build configuration list for PBXNativeTarget "Example-iOS" */ = {
			isa = XCConfigurationList;
			buildConfigurations = (
				4546A1681B78D21000DCE648 /* Debug */,
				4546A1691B78D21000DCE648 /* Release */,
			);
			defaultConfigurationIsVisible = 0;
			defaultConfigurationName = Release;
		};
		459A28F71BF5E48300004C76 /* Build configuration list for PBXNativeTarget "Example-iOSUITests" */ = {
			isa = XCConfigurationList;
			buildConfigurations = (
				459A28F01BF5E48300004C76 /* Debug */,
				459A28F11BF5E48300004C76 /* Release */,
			);
			defaultConfigurationIsVisible = 0;
			defaultConfigurationName = Release;
		};
/* End XCConfigurationList section */
	};
	rootObject = 4546A1401B78D21000DCE648 /* Project object */;
}
